
Microsoft Visual Studio Solution File, Format Version 12.00
# Visual Studio Version 17
VisualStudioVersion = 17.11.35005.142
MinimumVisualStudioVersion = 10.0.40219.1
Project("{FAE04EC0-301F-11D3-BF4B-00C04F79EFBC}") = "DotNet8WebApi.QuartzSample", "DotNet8WebApi.QuartzSample\DotNet8WebApi.QuartzSample.csproj", "{B34BAC20-CFDC-46C4-B71D-73B66295ECAC}"
EndProject
Global
	GlobalSection(SolutionConfigurationPlatforms) = preSolution
		Debug|Any CPU = Debug|Any CPU
		Release|Any CPU = Release|Any CPU
	EndGlobalSection
	GlobalSection(ProjectConfigurationPlatforms) = postSolution
		{B34BAC20-CFDC-46C4-B71D-73B66295ECAC}.Debug|Any CPU.ActiveCfg = Debug|Any CPU
		{B34BAC20-CFDC-46C4-B71D-73B66295ECAC}.Debug|Any CPU.Build.0 = Debug|Any CPU
		{B34BAC20-CFDC-46C4-B71D-73B66295ECAC}.Release|Any CPU.ActiveCfg = Release|Any CPU
		{B34BAC20-CFDC-46C4-B71D-73B66295ECAC}.Release|Any CPU.Build.0 = Release|Any CPU
	EndGlobalSection
	GlobalSection(SolutionProperties) = preSolution
		HideSolutionNode = FALSE
	EndGlobalSection
	GlobalSection(ExtensibilityGlobals) = postSolution
		SolutionGuid = {F8F80CBD-8EC0-4455-A915-B3130F5146D3}
	EndGlobalSection
EndGlobal
